{
    "name": "ampalibe",
    "version": "1.0.3",
    "lockfileVersion": 2,
    "requires": true,
    "packages": {
        "": {
            "name": "ampalibe",
            "version": "1.0.3",
            "devDependencies": {
                "fs": "^0.0.1-security",
                "traverse": "^0.6.6"
            },
            "engines": {
                "vscode": "^1.70.0"
            }
        },
        "node_modules/fs": {
            "version": "0.0.1-security",
            "resolved": "https://registry.npmjs.org/fs/-/fs-0.0.1-security.tgz",
            "integrity": "sha512-3XY9e1pP0CVEUCdj5BmfIZxRBTSDycnbqhIOGec9QYtmVH2fbLpj86CFWkrNOkt/Fvty4KZG5lTglL9j/gJ87w==",
            "dev": true
        },
        "node_modules/traverse": {
            "version": "0.6.6",
            "resolved": "https://registry.npmjs.org/traverse/-/traverse-0.6.6.tgz",
            "integrity": "sha512-kdf4JKs8lbARxWdp7RKdNzoJBhGUcIalSYibuGyHJbmk40pOysQ0+QPvlkCOICOivDWU2IJo2rkrxyTK2AH4fw==",
            "dev": true
        }
    },
    "dependencies": {
        "fs": {
            "version": "0.0.1-security",
            "resolved": "https://registry.npmjs.org/fs/-/fs-0.0.1-security.tgz",
            "integrity": "sha512-3XY9e1pP0CVEUCdj5BmfIZxRBTSDycnbqhIOGec9QYtmVH2fbLpj86CFWkrNOkt/Fvty4KZG5lTglL9j/gJ87w==",
            "dev": true
        },
        "traverse": {
            "version": "0.6.6",
            "resolved": "https://registry.npmjs.org/traverse/-/traverse-0.6.6.tgz",
            "integrity": "sha512-kdf4JKs8lbARxWdp7RKdNzoJBhGUcIalSYibuGyHJbmk40pOysQ0+QPvlkCOICOivDWU2IJo2rkrxyTK2AH4fw==",
            "dev": true
        }
    }
}
