{
    "name": "ampalibe",
    "version": "0.0.1",
    "lockfileVersion": 2,
    "requires": true,
    "packages": {
        "": {
            "name": "ampalibe",
            "version": "0.0.1",
            "devDependencies": {
                "traverse": "^0.6.6"
            },
            "engines": {
                "vscode": "^1.70.0"
            }
        },
        "node_modules/traverse": {
            "version": "0.6.6",
            "resolved": "https://registry.npmjs.org/traverse/-/traverse-0.6.6.tgz",
            "integrity": "sha512-kdf4JKs8lbARxWdp7RKdNzoJBhGUcIalSYibuGyHJbmk40pOysQ0+QPvlkCOICOivDWU2IJo2rkrxyTK2AH4fw==",
            "dev": true
        }
    },
    "dependencies": {
        "traverse": {
            "version": "0.6.6",
            "resolved": "https://registry.npmjs.org/traverse/-/traverse-0.6.6.tgz",
            "integrity": "sha512-kdf4JKs8lbARxWdp7RKdNzoJBhGUcIalSYibuGyHJbmk40pOysQ0+QPvlkCOICOivDWU2IJo2rkrxyTK2AH4fw==",
            "dev": true
        }
    }
}
